// !$*UTF8*$!
{
	archiveVersion = 1;
	classes = {
	};
	objectVersion = 50;
	objects = {

/* Begin PBXBuildFile section */
		0A8C611724D6B0EB00A4A64A /* ViewLogin.swift in Sources */ = {isa = PBXBuildFile; fileRef = 0A8C611424D6B0EB00A4A64A /* ViewLogin.swift */; };
		0A8C611824D6B0EB00A4A64A /* ViewJoin.swift in Sources */ = {isa = PBXBuildFile; fileRef = 0A8C611524D6B0EB00A4A64A /* ViewJoin.swift */; };
		0A8C611924D6B0EB00A4A64A /* ViewMain.swift in Sources */ = {isa = PBXBuildFile; fileRef = 0A8C611624D6B0EB00A4A64A /* ViewMain.swift */; };
		0A8C611B24D6B43A00A4A64A /* CommonViews.swift in Sources */ = {isa = PBXBuildFile; fileRef = 0A8C611A24D6B43A00A4A64A /* CommonViews.swift */; };
		0A9FB56524CCA93A00C0D972 /* AppDelegate.swift in Sources */ = {isa = PBXBuildFile; fileRef = 0A9FB56424CCA93A00C0D972 /* AppDelegate.swift */; };
		0A9FB56724CCA93A00C0D972 /* SceneDelegate.swift in Sources */ = {isa = PBXBuildFile; fileRef = 0A9FB56624CCA93A00C0D972 /* SceneDelegate.swift */; };
		0A9FB56E24CCA93C00C0D972 /* Preview Assets.xcassets in Resources */ = {isa = PBXBuildFile; fileRef = 0A9FB56D24CCA93C00C0D972 /* Preview Assets.xcassets */; };
		0A9FB57124CCA93C00C0D972 /* LaunchScreen.storyboard in Resources */ = {isa = PBXBuildFile; fileRef = 0A9FB56F24CCA93C00C0D972 /* LaunchScreen.storyboard */; };
		0A9FB57C24CCA93C00C0D972 /* iosTests.swift in Sources */ = {isa = PBXBuildFile; fileRef = 0A9FB57B24CCA93C00C0D972 /* iosTests.swift */; };
		0A9FB58724CCA93C00C0D972 /* iosUITests.swift in Sources */ = {isa = PBXBuildFile; fileRef = 0A9FB58624CCA93C00C0D972 /* iosUITests.swift */; };
		0AB172A124CCB7CC00E36F9B /* resource in Resources */ = {isa = PBXBuildFile; fileRef = 0AB172A024CCB7CB00E36F9B /* resource */; };
		0AB172A324CCB7DF00E36F9B /* Assets.xcassets in Resources */ = {isa = PBXBuildFile; fileRef = 0AB172A224CCB7DF00E36F9B /* Assets.xcassets */; };
		0ACC973B24CDBF2100506606 /* Util.swift in Sources */ = {isa = PBXBuildFile; fileRef = 0ACC973A24CDBF2100506606 /* Util.swift */; };
		0AE62DFB24D2F204003D729F /* Models.swift in Sources */ = {isa = PBXBuildFile; fileRef = 0AE62DFA24D2F204003D729F /* Models.swift */; };
/* End PBXBuildFile section */

/* Begin PBXContainerItemProxy section */
		0A9FB57824CCA93C00C0D972 /* PBXContainerItemProxy */ = {
			isa = PBXContainerItemProxy;
			containerPortal = 0A9FB55924CCA93A00C0D972 /* Project object */;
			proxyType = 1;
			remoteGlobalIDString = 0A9FB56024CCA93A00C0D972;
			remoteInfo = ios;
		};
		0A9FB58324CCA93C00C0D972 /* PBXContainerItemProxy */ = {
			isa = PBXContainerItemProxy;
			containerPortal = 0A9FB55924CCA93A00C0D972 /* Project object */;
			proxyType = 1;
			remoteGlobalIDString = 0A9FB56024CCA93A00C0D972;
			remoteInfo = ios;
		};
/* End PBXContainerItemProxy section */

/* Begin PBXFileReference section */
		0A8C611424D6B0EB00A4A64A /* ViewLogin.swift */ = {isa = PBXFileReference; fileEncoding = 4; lastKnownFileType = sourcecode.swift; path = ViewLogin.swift; sourceTree = "<group>"; };
		0A8C611524D6B0EB00A4A64A /* ViewJoin.swift */ = {isa = PBXFileReference; fileEncoding = 4; lastKnownFileType = sourcecode.swift; path = ViewJoin.swift; sourceTree = "<group>"; };
		0A8C611624D6B0EB00A4A64A /* ViewMain.swift */ = {isa = PBXFileReference; fileEncoding = 4; lastKnownFileType = sourcecode.swift; path = ViewMain.swift; sourceTree = "<group>"; };
		0A8C611A24D6B43A00A4A64A /* CommonViews.swift */ = {isa = PBXFileReference; lastKnownFileType = sourcecode.swift; path = CommonViews.swift; sourceTree = "<group>"; };
		0A9FB56124CCA93A00C0D972 /* ios.app */ = {isa = PBXFileReference; explicitFileType = wrapper.application; includeInIndex = 0; path = ios.app; sourceTree = BUILT_PRODUCTS_DIR; };
		0A9FB56424CCA93A00C0D972 /* AppDelegate.swift */ = {isa = PBXFileReference; lastKnownFileType = sourcecode.swift; path = AppDelegate.swift; sourceTree = "<group>"; };
		0A9FB56624CCA93A00C0D972 /* SceneDelegate.swift */ = {isa = PBXFileReference; lastKnownFileType = sourcecode.swift; path = SceneDelegate.swift; sourceTree = "<group>"; };
		0A9FB56D24CCA93C00C0D972 /* Preview Assets.xcassets */ = {isa = PBXFileReference; lastKnownFileType = folder.assetcatalog; path = "Preview Assets.xcassets"; sourceTree = "<group>"; };
		0A9FB57024CCA93C00C0D972 /* Base */ = {isa = PBXFileReference; lastKnownFileType = file.storyboard; name = Base; path = Base.lproj/LaunchScreen.storyboard; sourceTree = "<group>"; };
		0A9FB57224CCA93C00C0D972 /* Info.plist */ = {isa = PBXFileReference; lastKnownFileType = text.plist.xml; path = Info.plist; sourceTree = "<group>"; };
		0A9FB57724CCA93C00C0D972 /* iosTests.xctest */ = {isa = PBXFileReference; explicitFileType = wrapper.cfbundle; includeInIndex = 0; path = iosTests.xctest; sourceTree = BUILT_PRODUCTS_DIR; };
		0A9FB57B24CCA93C00C0D972 /* iosTests.swift */ = {isa = PBXFileReference; lastKnownFileType = sourcecode.swift; path = iosTests.swift; sourceTree = "<group>"; };
		0A9FB57D24CCA93C00C0D972 /* Info.plist */ = {isa = PBXFileReference; lastKnownFileType = text.plist.xml; path = Info.plist; sourceTree = "<group>"; };
		0A9FB58224CCA93C00C0D972 /* iosUITests.xctest */ = {isa = PBXFileReference; explicitFileType = wrapper.cfbundle; includeInIndex = 0; path = iosUITests.xctest; sourceTree = BUILT_PRODUCTS_DIR; };
		0A9FB58624CCA93C00C0D972 /* iosUITests.swift */ = {isa = PBXFileReference; lastKnownFileType = sourcecode.swift; path = iosUITests.swift; sourceTree = "<group>"; };
		0A9FB58824CCA93C00C0D972 /* Info.plist */ = {isa = PBXFileReference; lastKnownFileType = text.plist.xml; path = Info.plist; sourceTree = "<group>"; };
		0AB172A024CCB7CB00E36F9B /* resource */ = {isa = PBXFileReference; lastKnownFileType = folder; path = resource; sourceTree = "<group>"; };
		0AB172A224CCB7DF00E36F9B /* Assets.xcassets */ = {isa = PBXFileReference; lastKnownFileType = folder.assetcatalog; path = Assets.xcassets; sourceTree = "<group>"; };
		0ACC973A24CDBF2100506606 /* Util.swift */ = {isa = PBXFileReference; lastKnownFileType = sourcecode.swift; path = Util.swift; sourceTree = "<group>"; };
		0AE62DFA24D2F204003D729F /* Models.swift */ = {isa = PBXFileReference; lastKnownFileType = sourcecode.swift; path = Models.swift; sourceTree = "<group>"; };
/* End PBXFileReference section */

/* Begin PBXFrameworksBuildPhase section */
		0A9FB55E24CCA93A00C0D972 /* Frameworks */ = {
			isa = PBXFrameworksBuildPhase;
			buildActionMask = 2147483647;
			files = (
			);
			runOnlyForDeploymentPostprocessing = 0;
		};
		0A9FB57424CCA93C00C0D972 /* Frameworks */ = {
			isa = PBXFrameworksBuildPhase;
			buildActionMask = 2147483647;
			files = (
			);
			runOnlyForDeploymentPostprocessing = 0;
		};
		0A9FB57F24CCA93C00C0D972 /* Frameworks */ = {
			isa = PBXFrameworksBuildPhase;
			buildActionMask = 2147483647;
			files = (
			);
			runOnlyForDeploymentPostprocessing = 0;
		};
/* End PBXFrameworksBuildPhase section */

/* Begin PBXGroup section */
		0A9FB55824CCA93A00C0D972 = {
			isa = PBXGroup;
			children = (
				0A9FB56324CCA93A00C0D972 /* ios */,
				0A9FB57A24CCA93C00C0D972 /* iosTests */,
				0A9FB58524CCA93C00C0D972 /* iosUITests */,
				0A9FB56224CCA93A00C0D972 /* Products */,
			);
			sourceTree = "<group>";
		};
		0A9FB56224CCA93A00C0D972 /* Products */ = {
			isa = PBXGroup;
			children = (
				0A9FB56124CCA93A00C0D972 /* ios.app */,
				0A9FB57724CCA93C00C0D972 /* iosTests.xctest */,
				0A9FB58224CCA93C00C0D972 /* iosUITests.xctest */,
			);
			name = Products;
			sourceTree = "<group>";
		};
		0A9FB56324CCA93A00C0D972 /* ios */ = {
			isa = PBXGroup;
			children = (
				0AB172A024CCB7CB00E36F9B /* resource */,
				0AB172A224CCB7DF00E36F9B /* Assets.xcassets */,
				0A9FB56424CCA93A00C0D972 /* AppDelegate.swift */,
				0A9FB56624CCA93A00C0D972 /* SceneDelegate.swift */,
				0ACC973A24CDBF2100506606 /* Util.swift */,
				0AE62DFA24D2F204003D729F /* Models.swift */,
				0A8C611A24D6B43A00A4A64A /* CommonViews.swift */,
				0A8C611424D6B0EB00A4A64A /* ViewLogin.swift */,
				0A8C611524D6B0EB00A4A64A /* ViewJoin.swift */,
				0A8C611624D6B0EB00A4A64A /* ViewMain.swift */,
				0A9FB56F24CCA93C00C0D972 /* LaunchScreen.storyboard */,
				0A9FB57224CCA93C00C0D972 /* Info.plist */,
				0A9FB56C24CCA93C00C0D972 /* Preview Content */,
			);
			path = ios;
			sourceTree = "<group>";
		};
		0A9FB56C24CCA93C00C0D972 /* Preview Content */ = {
			isa = PBXGroup;
			children = (
				0A9FB56D24CCA93C00C0D972 /* Preview Assets.xcassets */,
			);
			path = "Preview Content";
			sourceTree = "<group>";
		};
		0A9FB57A24CCA93C00C0D972 /* iosTests */ = {
			isa = PBXGroup;
			children = (
				0A9FB57B24CCA93C00C0D972 /* iosTests.swift */,
				0A9FB57D24CCA93C00C0D972 /* Info.plist */,
			);
			path = iosTests;
			sourceTree = "<group>";
		};
		0A9FB58524CCA93C00C0D972 /* iosUITests */ = {
			isa = PBXGroup;
			children = (
				0A9FB58624CCA93C00C0D972 /* iosUITests.swift */,
				0A9FB58824CCA93C00C0D972 /* Info.plist */,
			);
			path = iosUITests;
			sourceTree = "<group>";
		};
/* End PBXGroup section */

/* Begin PBXNativeTarget section */
		0A9FB56024CCA93A00C0D972 /* ios */ = {
			isa = PBXNativeTarget;
			buildConfigurationList = 0A9FB58B24CCA93C00C0D972 /* Build configuration list for PBXNativeTarget "ios" */;
			buildPhases = (
				0A9FB55D24CCA93A00C0D972 /* Sources */,
				0A9FB55E24CCA93A00C0D972 /* Frameworks */,
				0A9FB55F24CCA93A00C0D972 /* Resources */,
			);
			buildRules = (
			);
			dependencies = (
			);
			name = ios;
			productName = ios;
			productReference = 0A9FB56124CCA93A00C0D972 /* ios.app */;
			productType = "com.apple.product-type.application";
		};
		0A9FB57624CCA93C00C0D972 /* iosTests */ = {
			isa = PBXNativeTarget;
			buildConfigurationList = 0A9FB58E24CCA93C00C0D972 /* Build configuration list for PBXNativeTarget "iosTests" */;
			buildPhases = (
				0A9FB57324CCA93C00C0D972 /* Sources */,
				0A9FB57424CCA93C00C0D972 /* Frameworks */,
				0A9FB57524CCA93C00C0D972 /* Resources */,
			);
			buildRules = (
			);
			dependencies = (
				0A9FB57924CCA93C00C0D972 /* PBXTargetDependency */,
			);
			name = iosTests;
			productName = iosTests;
			productReference = 0A9FB57724CCA93C00C0D972 /* iosTests.xctest */;
			productType = "com.apple.product-type.bundle.unit-test";
		};
		0A9FB58124CCA93C00C0D972 /* iosUITests */ = {
			isa = PBXNativeTarget;
			buildConfigurationList = 0A9FB59124CCA93C00C0D972 /* Build configuration list for PBXNativeTarget "iosUITests" */;
			buildPhases = (
				0A9FB57E24CCA93C00C0D972 /* Sources */,
				0A9FB57F24CCA93C00C0D972 /* Frameworks */,
				0A9FB58024CCA93C00C0D972 /* Resources */,
			);
			buildRules = (
			);
			dependencies = (
				0A9FB58424CCA93C00C0D972 /* PBXTargetDependency */,
			);
			name = iosUITests;
			productName = iosUITests;
			productReference = 0A9FB58224CCA93C00C0D972 /* iosUITests.xctest */;
			productType = "com.apple.product-type.bundle.ui-testing";
		};
/* End PBXNativeTarget section */

/* Begin PBXProject section */
		0A9FB55924CCA93A00C0D972 /* Project object */ = {
			isa = PBXProject;
			attributes = {
				LastSwiftUpdateCheck = 1160;
				LastUpgradeCheck = 1160;
				ORGANIZATIONNAME = "이수현";
				TargetAttributes = {
					0A9FB56024CCA93A00C0D972 = {
						CreatedOnToolsVersion = 11.6;
					};
					0A9FB57624CCA93C00C0D972 = {
						CreatedOnToolsVersion = 11.6;
						TestTargetID = 0A9FB56024CCA93A00C0D972;
					};
					0A9FB58124CCA93C00C0D972 = {
						CreatedOnToolsVersion = 11.6;
						TestTargetID = 0A9FB56024CCA93A00C0D972;
					};
				};
			};
			buildConfigurationList = 0A9FB55C24CCA93A00C0D972 /* Build configuration list for PBXProject "ios" */;
			compatibilityVersion = "Xcode 9.3";
			developmentRegion = en;
			hasScannedForEncodings = 0;
			knownRegions = (
				en,
				Base,
			);
			mainGroup = 0A9FB55824CCA93A00C0D972;
			productRefGroup = 0A9FB56224CCA93A00C0D972 /* Products */;
			projectDirPath = "";
			projectRoot = "";
			targets = (
				0A9FB56024CCA93A00C0D972 /* ios */,
				0A9FB57624CCA93C00C0D972 /* iosTests */,
				0A9FB58124CCA93C00C0D972 /* iosUITests */,
			);
		};
/* End PBXProject section */

/* Begin PBXResourcesBuildPhase section */
		0A9FB55F24CCA93A00C0D972 /* Resources */ = {
			isa = PBXResourcesBuildPhase;
			buildActionMask = 2147483647;
			files = (
				0AB172A124CCB7CC00E36F9B /* resource in Resources */,
				0A9FB57124CCA93C00C0D972 /* LaunchScreen.storyboard in Resources */,
				0AB172A324CCB7DF00E36F9B /* Assets.xcassets in Resources */,
				0A9FB56E24CCA93C00C0D972 /* Preview Assets.xcassets in Resources */,
			);
			runOnlyForDeploymentPostprocessing = 0;
		};
		0A9FB57524CCA93C00C0D972 /* Resources */ = {
			isa = PBXResourcesBuildPhase;
			buildActionMask = 2147483647;
			files = (
			);
			runOnlyForDeploymentPostprocessing = 0;
		};
		0A9FB58024CCA93C00C0D972 /* Resources */ = {
			isa = PBXResourcesBuildPhase;
			buildActionMask = 2147483647;
			files = (
			);
			runOnlyForDeploymentPostprocessing = 0;
		};
/* End PBXResourcesBuildPhase section */

/* Begin PBXSourcesBuildPhase section */
		0A9FB55D24CCA93A00C0D972 /* Sources */ = {
			isa = PBXSourcesBuildPhase;
			buildActionMask = 2147483647;
			files = (
				0A8C611824D6B0EB00A4A64A /* ViewJoin.swift in Sources */,
				0A9FB56524CCA93A00C0D972 /* AppDelegate.swift in Sources */,
				0A8C611924D6B0EB00A4A64A /* ViewMain.swift in Sources */,
				0A8C611B24D6B43A00A4A64A /* CommonViews.swift in Sources */,
				0A9FB56724CCA93A00C0D972 /* SceneDelegate.swift in Sources */,
				0A8C611724D6B0EB00A4A64A /* ViewLogin.swift in Sources */,
				0ACC973B24CDBF2100506606 /* Util.swift in Sources */,
				0AE62DFB24D2F204003D729F /* Models.swift in Sources */,
			);
			runOnlyForDeploymentPostprocessing = 0;
		};
		0A9FB57324CCA93C00C0D972 /* Sources */ = {
			isa = PBXSourcesBuildPhase;
			buildActionMask = 2147483647;
			files = (
				0A9FB57C24CCA93C00C0D972 /* iosTests.swift in Sources */,
			);
			runOnlyForDeploymentPostprocessing = 0;
		};
		0A9FB57E24CCA93C00C0D972 /* Sources */ = {
			isa = PBXSourcesBuildPhase;
			buildActionMask = 2147483647;
			files = (
				0A9FB58724CCA93C00C0D972 /* iosUITests.swift in Sources */,
			);
			runOnlyForDeploymentPostprocessing = 0;
		};
/* End PBXSourcesBuildPhase section */

/* Begin PBXTargetDependency section */
		0A9FB57924CCA93C00C0D972 /* PBXTargetDependency */ = {
			isa = PBXTargetDependency;
			target = 0A9FB56024CCA93A00C0D972 /* ios */;
			targetProxy = 0A9FB57824CCA93C00C0D972 /* PBXContainerItemProxy */;
		};
		0A9FB58424CCA93C00C0D972 /* PBXTargetDependency */ = {
			isa = PBXTargetDependency;
			target = 0A9FB56024CCA93A00C0D972 /* ios */;
			targetProxy = 0A9FB58324CCA93C00C0D972 /* PBXContainerItemProxy */;
		};
/* End PBXTargetDependency section */

/* Begin PBXVariantGroup section */
		0A9FB56F24CCA93C00C0D972 /* LaunchScreen.storyboard */ = {
			isa = PBXVariantGroup;
			children = (
				0A9FB57024CCA93C00C0D972 /* Base */,
			);
			name = LaunchScreen.storyboard;
			sourceTree = "<group>";
		};
/* End PBXVariantGroup section */

/* Begin XCBuildConfiguration section */
		0A9FB58924CCA93C00C0D972 /* Debug */ = {
			isa = XCBuildConfiguration;
			buildSettings = {
				ALWAYS_SEARCH_USER_PATHS = NO;
				CLANG_ANALYZER_NONNULL = YES;
				CLANG_ANALYZER_NUMBER_OBJECT_CONVERSION = YES_AGGRESSIVE;
				CLANG_CXX_LANGUAGE_STANDARD = "gnu++14";
				CLANG_CXX_LIBRARY = "libc++";
				CLANG_ENABLE_MODULES = YES;
				CLANG_ENABLE_OBJC_ARC = YES;
				CLANG_ENABLE_OBJC_WEAK = YES;
				CLANG_WARN_BLOCK_CAPTURE_AUTORELEASING = YES;
				CLANG_WARN_BOOL_CONVERSION = YES;
				CLANG_WARN_COMMA = YES;
				CLANG_WARN_CONSTANT_CONVERSION = YES;
				CLANG_WARN_DEPRECATED_OBJC_IMPLEMENTATIONS = YES;
				CLANG_WARN_DIRECT_OBJC_ISA_USAGE = YES_ERROR;
				CLANG_WARN_DOCUMENTATION_COMMENTS = YES;
				CLANG_WARN_EMPTY_BODY = YES;
				CLANG_WARN_ENUM_CONVERSION = YES;
				CLANG_WARN_INFINITE_RECURSION = YES;
				CLANG_WARN_INT_CONVERSION = YES;
				CLANG_WARN_NON_LITERAL_NULL_CONVERSION = YES;
				CLANG_WARN_OBJC_IMPLICIT_RETAIN_SELF = YES;
				CLANG_WARN_OBJC_LITERAL_CONVERSION = YES;
				CLANG_WARN_OBJC_ROOT_CLASS = YES_ERROR;
				CLANG_WARN_RANGE_LOOP_ANALYSIS = YES;
				CLANG_WARN_STRICT_PROTOTYPES = YES;
				CLANG_WARN_SUSPICIOUS_MOVE = YES;
				CLANG_WARN_UNGUARDED_AVAILABILITY = YES_AGGRESSIVE;
				CLANG_WARN_UNREACHABLE_CODE = YES;
				CLANG_WARN__DUPLICATE_METHOD_MATCH = YES;
				COPY_PHASE_STRIP = NO;
				DEBUG_INFORMATION_FORMAT = dwarf;
				ENABLE_STRICT_OBJC_MSGSEND = YES;
				ENABLE_TESTABILITY = YES;
				GCC_C_LANGUAGE_STANDARD = gnu11;
				GCC_DYNAMIC_NO_PIC = NO;
				GCC_NO_COMMON_BLOCKS = YES;
				GCC_OPTIMIZATION_LEVEL = 0;
				GCC_PREPROCESSOR_DEFINITIONS = (
					"DEBUG=1",
					"$(inherited)",
				);
				GCC_WARN_64_TO_32_BIT_CONVERSION = YES;
				GCC_WARN_ABOUT_RETURN_TYPE = YES_ERROR;
				GCC_WARN_UNDECLARED_SELECTOR = YES;
				GCC_WARN_UNINITIALIZED_AUTOS = YES_AGGRESSIVE;
				GCC_WARN_UNUSED_FUNCTION = YES;
				GCC_WARN_UNUSED_VARIABLE = YES;
				IPHONEOS_DEPLOYMENT_TARGET = 13.6;
				MTL_ENABLE_DEBUG_INFO = INCLUDE_SOURCE;
				MTL_FAST_MATH = YES;
				ONLY_ACTIVE_ARCH = YES;
				SDKROOT = iphoneos;
				SWIFT_ACTIVE_COMPILATION_CONDITIONS = DEBUG;
				SWIFT_OPTIMIZATION_LEVEL = "-Onone";
			};
			name = Debug;
		};
		0A9FB58A24CCA93C00C0D972 /* Release */ = {
			isa = XCBuildConfiguration;
			buildSettings = {
				ALWAYS_SEARCH_USER_PATHS = NO;
				CLANG_ANALYZER_NONNULL = YES;
				CLANG_ANALYZER_NUMBER_OBJECT_CONVERSION = YES_AGGRESSIVE;
				CLANG_CXX_LANGUAGE_STANDARD = "gnu++14";
				CLANG_CXX_LIBRARY = "libc++";
				CLANG_ENABLE_MODULES = YES;
				CLANG_ENABLE_OBJC_ARC = YES;
				CLANG_ENABLE_OBJC_WEAK = YES;
				CLANG_WARN_BLOCK_CAPTURE_AUTORELEASING = YES;
				CLANG_WARN_BOOL_CONVERSION = YES;
				CLANG_WARN_COMMA = YES;
				CLANG_WARN_CONSTANT_CONVERSION = YES;
				CLANG_WARN_DEPRECATED_OBJC_IMPLEMENTATIONS = YES;
				CLANG_WARN_DIRECT_OBJC_ISA_USAGE = YES_ERROR;
				CLANG_WARN_DOCUMENTATION_COMMENTS = YES;
				CLANG_WARN_EMPTY_BODY = YES;
				CLANG_WARN_ENUM_CONVERSION = YES;
				CLANG_WARN_INFINITE_RECURSION = YES;
				CLANG_WARN_INT_CONVERSION = YES;
				CLANG_WARN_NON_LITERAL_NULL_CONVERSION = YES;
				CLANG_WARN_OBJC_IMPLICIT_RETAIN_SELF = YES;
				CLANG_WARN_OBJC_LITERAL_CONVERSION = YES;
				CLANG_WARN_OBJC_ROOT_CLASS = YES_ERROR;
				CLANG_WARN_RANGE_LOOP_ANALYSIS = YES;
				CLANG_WARN_STRICT_PROTOTYPES = YES;
				CLANG_WARN_SUSPICIOUS_MOVE = YES;
				CLANG_WARN_UNGUARDED_AVAILABILITY = YES_AGGRESSIVE;
				CLANG_WARN_UNREACHABLE_CODE = YES;
				CLANG_WARN__DUPLICATE_METHOD_MATCH = YES;
				COPY_PHASE_STRIP = NO;
				DEBUG_INFORMATION_FORMAT = "dwarf-with-dsym";
				ENABLE_NS_ASSERTIONS = NO;
				ENABLE_STRICT_OBJC_MSGSEND = YES;
				GCC_C_LANGUAGE_STANDARD = gnu11;
				GCC_NO_COMMON_BLOCKS = YES;
				GCC_WARN_64_TO_32_BIT_CONVERSION = YES;
				GCC_WARN_ABOUT_RETURN_TYPE = YES_ERROR;
				GCC_WARN_UNDECLARED_SELECTOR = YES;
				GCC_WARN_UNINITIALIZED_AUTOS = YES_AGGRESSIVE;
				GCC_WARN_UNUSED_FUNCTION = YES;
				GCC_WARN_UNUSED_VARIABLE = YES;
				IPHONEOS_DEPLOYMENT_TARGET = 13.6;
				MTL_ENABLE_DEBUG_INFO = NO;
				MTL_FAST_MATH = YES;
				SDKROOT = iphoneos;
				SWIFT_COMPILATION_MODE = wholemodule;
				SWIFT_OPTIMIZATION_LEVEL = "-O";
				VALIDATE_PRODUCT = YES;
			};
			name = Release;
		};
		0A9FB58C24CCA93C00C0D972 /* Debug */ = {
			isa = XCBuildConfiguration;
			buildSettings = {
				ASSETCATALOG_COMPILER_APPICON_NAME = AppIcon;
				CODE_SIGN_STYLE = Automatic;
				DEVELOPMENT_ASSET_PATHS = "\"ios/Preview Content\"";
				ENABLE_PREVIEWS = YES;
				INFOPLIST_FILE = ios/Info.plist;
				LD_RUNPATH_SEARCH_PATHS = (
					"$(inherited)",
					"@executable_path/Frameworks",
				);
				PRODUCT_BUNDLE_IDENTIFIER = soohyeon.ios;
				PRODUCT_NAME = "$(TARGET_NAME)";
				SWIFT_VERSION = 5.0;
				TARGETED_DEVICE_FAMILY = "1,2";
			};
			name = Debug;
		};
		0A9FB58D24CCA93C00C0D972 /* Release */ = {
			isa = XCBuildConfiguration;
			buildSettings = {
				ASSETCATALOG_COMPILER_APPICON_NAME = AppIcon;
				CODE_SIGN_STYLE = Automatic;
				DEVELOPMENT_ASSET_PATHS = "\"ios/Preview Content\"";
				ENABLE_PREVIEWS = YES;
				INFOPLIST_FILE = ios/Info.plist;
				LD_RUNPATH_SEARCH_PATHS = (
					"$(inherited)",
					"@executable_path/Frameworks",
				);
				PRODUCT_BUNDLE_IDENTIFIER = soohyeon.ios;
				PRODUCT_NAME = "$(TARGET_NAME)";
				SWIFT_VERSION = 5.0;
				TARGETED_DEVICE_FAMILY = "1,2";
			};
			name = Release;
		};
		0A9FB58F24CCA93C00C0D972 /* Debug */ = {
			isa = XCBuildConfiguration;
			buildSettings = {
				ALWAYS_EMBED_SWIFT_STANDARD_LIBRARIES = YES;
				BUNDLE_LOADER = "$(TEST_HOST)";
				CODE_SIGN_STYLE = Automatic;
				INFOPLIST_FILE = iosTests/Info.plist;
				IPHONEOS_DEPLOYMENT_TARGET = 13.6;
				LD_RUNPATH_SEARCH_PATHS = (
					"$(inherited)",
					"@executable_path/Frameworks",
					"@loader_path/Frameworks",
				);
				PRODUCT_BUNDLE_IDENTIFIER = soohyeon.iosTests;
				PRODUCT_NAME = "$(TARGET_NAME)";
				SWIFT_VERSION = 5.0;
				TARGETED_DEVICE_FAMILY = "1,2";
				TEST_HOST = "$(BUILT_PRODUCTS_DIR)/ios.app/ios";
			};
			name = Debug;
		};
		0A9FB59024CCA93C00C0D972 /* Release */ = {
			isa = XCBuildConfiguration;
			buildSettings = {
				ALWAYS_EMBED_SWIFT_STANDARD_LIBRARIES = YES;
				BUNDLE_LOADER = "$(TEST_HOST)";
				CODE_SIGN_STYLE = Automatic;
				INFOPLIST_FILE = iosTests/Info.plist;
				IPHONEOS_DEPLOYMENT_TARGET = 13.6;
				LD_RUNPATH_SEARCH_PATHS = (
					"$(inherited)",
					"@executable_path/Frameworks",
					"@loader_path/Frameworks",
				);
				PRODUCT_BUNDLE_IDENTIFIER = soohyeon.iosTests;
				PRODUCT_NAME = "$(TARGET_NAME)";
				SWIFT_VERSION = 5.0;
				TARGETED_DEVICE_FAMILY = "1,2";
				TEST_HOST = "$(BUILT_PRODUCTS_DIR)/ios.app/ios";
			};
			name = Release;
		};
		0A9FB59224CCA93C00C0D972 /* Debug */ = {
			isa = XCBuildConfiguration;
			buildSettings = {
				ALWAYS_EMBED_SWIFT_STANDARD_LIBRARIES = YES;
				CODE_SIGN_STYLE = Automatic;
				INFOPLIST_FILE = iosUITests/Info.plist;
				LD_RUNPATH_SEARCH_PATHS = (
					"$(inherited)",
					"@executable_path/Frameworks",
					"@loader_path/Frameworks",
				);
				PRODUCT_BUNDLE_IDENTIFIER = soohyeon.iosUITests;
				PRODUCT_NAME = "$(TARGET_NAME)";
				SWIFT_VERSION = 5.0;
				TARGETED_DEVICE_FAMILY = "1,2";
				TEST_TARGET_NAME = ios;
			};
			name = Debug;
		};
		0A9FB59324CCA93C00C0D972 /* Release */ = {
			isa = XCBuildConfiguration;
			buildSettings = {
				ALWAYS_EMBED_SWIFT_STANDARD_LIBRARIES = YES;
				CODE_SIGN_STYLE = Automatic;
				INFOPLIST_FILE = iosUITests/Info.plist;
				LD_RUNPATH_SEARCH_PATHS = (
					"$(inherited)",
					"@executable_path/Frameworks",
					"@loader_path/Frameworks",
				);
				PRODUCT_BUNDLE_IDENTIFIER = soohyeon.iosUITests;
				PRODUCT_NAME = "$(TARGET_NAME)";
				SWIFT_VERSION = 5.0;
				TARGETED_DEVICE_FAMILY = "1,2";
				TEST_TARGET_NAME = ios;
			};
			name = Release;
		};
/* End XCBuildConfiguration section */

/* Begin XCConfigurationList section */
		0A9FB55C24CCA93A00C0D972 /* Build configuration list for PBXProject "ios" */ = {
			isa = XCConfigurationList;
			buildConfigurations = (
				0A9FB58924CCA93C00C0D972 /* Debug */,
				0A9FB58A24CCA93C00C0D972 /* Release */,
			);
			defaultConfigurationIsVisible = 0;
			defaultConfigurationName = Release;
		};
		0A9FB58B24CCA93C00C0D972 /* Build configuration list for PBXNativeTarget "ios" */ = {
			isa = XCConfigurationList;
			buildConfigurations = (
				0A9FB58C24CCA93C00C0D972 /* Debug */,
				0A9FB58D24CCA93C00C0D972 /* Release */,
			);
			defaultConfigurationIsVisible = 0;
			defaultConfigurationName = Release;
		};
		0A9FB58E24CCA93C00C0D972 /* Build configuration list for PBXNativeTarget "iosTests" */ = {
			isa = XCConfigurationList;
			buildConfigurations = (
				0A9FB58F24CCA93C00C0D972 /* Debug */,
				0A9FB59024CCA93C00C0D972 /* Release */,
			);
			defaultConfigurationIsVisible = 0;
			defaultConfigurationName = Release;
		};
		0A9FB59124CCA93C00C0D972 /* Build configuration list for PBXNativeTarget "iosUITests" */ = {
			isa = XCConfigurationList;
			buildConfigurations = (
				0A9FB59224CCA93C00C0D972 /* Debug */,
				0A9FB59324CCA93C00C0D972 /* Release */,
			);
			defaultConfigurationIsVisible = 0;
			defaultConfigurationName = Release;
		};
/* End XCConfigurationList section */
	};
	rootObject = 0A9FB55924CCA93A00C0D972 /* Project object */;
}
